
Microsoft Visual Studio Solution File, Format Version 12.00
# Visual Studio Version 16
VisualStudioVersion = 16.0.31129.286
MinimumVisualStudioVersion = 10.0.40219.1
Project("{FAE04EC0-301F-11D3-BF4B-00C04F79EFBC}") = "FilmesAPI", "FilmesAPI\FilmesAPI.csproj", "{8D303ECC-5E4A-40E8-BBFC-72127A9D76A4}"
EndProject
Global
	GlobalSection(SolutionConfigurationPlatforms) = preSolution
		Debug|Any CPU = Debug|Any CPU
		Release|Any CPU = Release|Any CPU
	EndGlobalSection
	GlobalSection(ProjectConfigurationPlatforms) = postSolution
		{8D303ECC-5E4A-40E8-BBFC-72127A9D76A4}.Debug|Any CPU.ActiveCfg = Debug|Any CPU
		{8D303ECC-5E4A-40E8-BBFC-72127A9D76A4}.Debug|Any CPU.Build.0 = Debug|Any CPU
		{8D303ECC-5E4A-40E8-BBFC-72127A9D76A4}.Release|Any CPU.ActiveCfg = Release|Any CPU
		{8D303ECC-5E4A-40E8-BBFC-72127A9D76A4}.Release|Any CPU.Build.0 = Release|Any CPU
	EndGlobalSection
	GlobalSection(SolutionProperties) = preSolution
		HideSolutionNode = FALSE
	EndGlobalSection
	GlobalSection(ExtensibilityGlobals) = postSolution
		SolutionGuid = {E534765D-5BA8-4B71-8C08-C4EDB69F501D}
	EndGlobalSection
EndGlobal
